
Microsoft Visual Studio Solution File, Format Version 12.00
# Visual Studio 14
VisualStudioVersion = 14.0.23107.0
MinimumVisualStudioVersion = 10.0.40219.1
Project("{FAE04EC0-301F-11D3-BF4B-00C04F79EFBC}") = "LayIM_SignalR_Chat", "LayIM_SignalR_Chat\LayIM_SignalR_Chat.csproj", "{AB784AF8-0871-4788-97E5-1A121273A3BC}"
EndProject
Project("{FAE04EC0-301F-11D3-BF4B-00C04F79EFBC}") = "LayIM.Model", "LayIM.Model\LayIM.Model.csproj", "{7DF39B57-3CB2-4E50-8770-3591966FA205}"
EndProject
Project("{FAE04EC0-301F-11D3-BF4B-00C04F79EFBC}") = "LayIM.BLL", "LayIM.BLL\LayIM.BLL.csproj", "{888BCF0C-A988-4D9A-AB59-0242FE0C8489}"
EndProject
Project("{FAE04EC0-301F-11D3-BF4B-00C04F79EFBC}") = "LayIM.Util", "LayIM.Util\LayIM.Util.csproj", "{C096125F-FE06-4BA0-9991-20FF737F04D5}"
EndProject
Global
	GlobalSection(SolutionConfigurationPlatforms) = preSolution
		Debug|Any CPU = Debug|Any CPU
		Release|Any CPU = Release|Any CPU
	EndGlobalSection
	GlobalSection(ProjectConfigurationPlatforms) = postSolution
		{AB784AF8-0871-4788-97E5-1A121273A3BC}.Debug|Any CPU.ActiveCfg = Debug|Any CPU
		{AB784AF8-0871-4788-97E5-1A121273A3BC}.Debug|Any CPU.Build.0 = Debug|Any CPU
		{AB784AF8-0871-4788-97E5-1A121273A3BC}.Release|Any CPU.ActiveCfg = Release|Any CPU
		{AB784AF8-0871-4788-97E5-1A121273A3BC}.Release|Any CPU.Build.0 = Release|Any CPU
		{7DF39B57-3CB2-4E50-8770-3591966FA205}.Debug|Any CPU.ActiveCfg = Debug|Any CPU
		{7DF39B57-3CB2-4E50-8770-3591966FA205}.Debug|Any CPU.Build.0 = Debug|Any CPU
		{7DF39B57-3CB2-4E50-8770-3591966FA205}.Release|Any CPU.ActiveCfg = Release|Any CPU
		{7DF39B57-3CB2-4E50-8770-3591966FA205}.Release|Any CPU.Build.0 = Release|Any CPU
		{888BCF0C-A988-4D9A-AB59-0242FE0C8489}.Debug|Any CPU.ActiveCfg = Debug|Any CPU
		{888BCF0C-A988-4D9A-AB59-0242FE0C8489}.Debug|Any CPU.Build.0 = Debug|Any CPU
		{888BCF0C-A988-4D9A-AB59-0242FE0C8489}.Release|Any CPU.ActiveCfg = Release|Any CPU
		{888BCF0C-A988-4D9A-AB59-0242FE0C8489}.Release|Any CPU.Build.0 = Release|Any CPU
		{C096125F-FE06-4BA0-9991-20FF737F04D5}.Debug|Any CPU.ActiveCfg = Debug|Any CPU
		{C096125F-FE06-4BA0-9991-20FF737F04D5}.Debug|Any CPU.Build.0 = Debug|Any CPU
		{C096125F-FE06-4BA0-9991-20FF737F04D5}.Release|Any CPU.ActiveCfg = Release|Any CPU
		{C096125F-FE06-4BA0-9991-20FF737F04D5}.Release|Any CPU.Build.0 = Release|Any CPU
	EndGlobalSection
	GlobalSection(SolutionProperties) = preSolution
		HideSolutionNode = FALSE
	EndGlobalSection
EndGlobal
